{
    "_readme": [
        "This file locks the dependencies of your project to a known state",
        "Read more about it at https://getcomposer.org/doc/01-basic-usage.md#installing-dependencies",
        "This file is @generated automatically"
    ],
    "content-hash": "7cbbb0e386bbfcd14d2fff2a4bb8e5dc",
    "packages": [
        {
            "name": "sabre/uri",
            "version": "1.2.1",
            "source": {
                "type": "git",
                "url": "https://github.com/sabre-io/uri.git",
                "reference": "ada354d83579565949d80b2e15593c2371225e61"
            },
            "dist": {
                "type": "zip",
                "url": "https://api.github.com/repos/sabre-io/uri/zipball/ada354d83579565949d80b2e15593c2371225e61",
                "reference": "ada354d83579565949d80b2e15593c2371225e61",
                "shasum": ""
            },
            "require": {
                "php": ">=5.4.7"
            },
            "require-dev": {
                "phpunit/phpunit": ">=4.0,<6.0",
                "sabre/cs": "~1.0.0"
            },
            "type": "library",
            "autoload": {
                "files": [
                    "lib/functions.php"
                ],
                "psr-4": {
                    "Sabre\\Uri\\": "lib/"
                }
            },
            "notification-url": "https://packagist.org/downloads/",
            "license": [
                "BSD-3-Clause"
            ],
            "authors": [
                {
                    "name": "Evert Pot",
                    "email": "me@evertpot.com",
                    "homepage": "http://evertpot.com/",
                    "role": "Developer"
                }
            ],
            "description": "Functions for making sense out of URIs.",
            "homepage": "http://sabre.io/uri/",
            "keywords": [
                "rfc3986",
                "uri",
                "url"
            ],
            "time": "2017-02-20T19:59:28+00:00"
        },
        {
            "name": "sabre/xml",
            "version": "1.5.1",
            "source": {
                "type": "git",
                "url": "https://github.com/sabre-io/xml.git",
                "reference": "a367665f1df614c3b8fefc30a54de7cd295e444e"
            },
            "dist": {
                "type": "zip",
                "url": "https://api.github.com/repos/sabre-io/xml/zipball/a367665f1df614c3b8fefc30a54de7cd295e444e",
                "reference": "a367665f1df614c3b8fefc30a54de7cd295e444e",
                "shasum": ""
            },
            "require": {
                "ext-dom": "*",
                "ext-xmlreader": "*",
                "ext-xmlwriter": "*",
                "lib-libxml": ">=2.6.20",
                "php": ">=5.5.5",
                "sabre/uri": ">=1.0,<3.0.0"
            },
            "require-dev": {
                "phpunit/phpunit": "~4.8|~5.7",
                "sabre/cs": "~1.0.0"
            },
            "type": "library",
            "autoload": {
                "psr-4": {
                    "Sabre\\Xml\\": "lib/"
                },
                "files": [
                    "lib/Deserializer/functions.php",
                    "lib/Serializer/functions.php"
                ]
            },
            "notification-url": "https://packagist.org/downloads/",
            "license": [
                "BSD-3-Clause"
            ],
            "authors": [
                {
                    "name": "Evert Pot",
                    "email": "me@evertpot.com",
                    "homepage": "http://evertpot.com/",
                    "role": "Developer"
                },
                {
                    "name": "Markus Staab",
                    "email": "markus.staab@redaxo.de",
                    "role": "Developer"
                }
            ],
            "description": "sabre/xml is an XML library that you may not hate.",
            "homepage": "https://sabre.io/xml/",
            "keywords": [
                "XMLReader",
                "XMLWriter",
                "dom",
                "xml"
            ],
            "time": "2019-01-09T13:51:57+00:00"
        },
        {
            "name": "tecnickcom/tc-lib-barcode",
            "version": "1.15.20",
            "source": {
                "type": "git",
                "url": "https://github.com/tecnickcom/tc-lib-barcode.git",
                "reference": "dd8de5620ec436d61cc8535e11f2879146ebc16b"
            },
            "dist": {
                "type": "zip",
                "url": "https://api.github.com/repos/tecnickcom/tc-lib-barcode/zipball/dd8de5620ec436d61cc8535e11f2879146ebc16b",
                "reference": "dd8de5620ec436d61cc8535e11f2879146ebc16b",
                "shasum": ""
            },
            "require": {
                "ext-bcmath": "*",
                "ext-date": "*",
                "ext-gd": "*",
                "ext-pcre": "*",
                "php": ">=5.3",
                "tecnickcom/tc-lib-color": "^1.12.15"
            },
            "require-dev": {
                "apigen/apigen": "^2.8.1 || ^4.1.2",
                "bartlett/php-compatinfo": "^4.5.2 || ^5.0.10 || ^5.0.12",
                "pdepend/pdepend": "^2.5.2",
                "phploc/phploc": "^2.1 || ^3.0 || ^4.0",
                "phpmd/phpmd": "^2.6.0",
                "phpunit/phpunit": "^4.8 || ^5.7 || ^6.5 || ^7.1",
                "sebastian/phpcpd": "^2.0 || ^3.0 || ^4.0",
                "squizlabs/php_codesniffer": "^2.8.0 || ^3.2.0"
            },
            "type": "library",
            "autoload": {
                "psr-4": {
                    "Com\\Tecnick\\Barcode\\": "src"
                }
            },
            "notification-url": "https://packagist.org/downloads/",
            "license": [
                "LGPL-3.0"
            ],
            "authors": [
                {
                    "name": "Nicola Asuni",
                    "email": "info@tecnick.com",
                    "role": "lead"
                }
            ],
            "description": "PHP library to generate linear and bidimensional barcodes",
            "homepage": "http://www.tecnick.com",
            "keywords": [
                "3 of 9",
                "ANSI MH10.8M-1983",
                "CBC",
                "CODABAR",
                "CODE 11",
                "CODE 128 A B C",
                "CODE 39",
                "CODE 93",
                "EAN 13",
                "EAN 8",
                "ECC200",
                "Intelligent Mail Barcode",
                "Interleaved 2 of 5",
                "KIX",
                "Klant",
                "MSI",
                "Onecode",
                "PHARMACODE",
                "PHARMACODE TWO-TRACKS",
                "POSTNET",
                "RMS4CC",
                "Standard 2 of 5",
                "UPC-A",
                "UPC-E",
                "USD-3",
                "USPS-B-3200",
                "USS-93",
                "barcode",
                "datamatrix",
                "pdf417",
                "planet",
                "qr-code",
                "royal mail",
                "tc-lib-barcode",
                "upc"
            ],
            "time": "2020-01-02T16:01:18+00:00"
        },
        {
            "name": "tecnickcom/tc-lib-color",
            "version": "1.12.15",
            "source": {
                "type": "git",
                "url": "https://github.com/tecnickcom/tc-lib-color.git",
                "reference": "2f4860cbac4d58c210b6bec4c5806906278962c1"
            },
            "dist": {
                "type": "zip",
                "url": "https://api.github.com/repos/tecnickcom/tc-lib-color/zipball/2f4860cbac4d58c210b6bec4c5806906278962c1",
                "reference": "2f4860cbac4d58c210b6bec4c5806906278962c1",
                "shasum": ""
            },
            "require": {
                "ext-pcre": "*",
                "php": ">=5.3"
            },
            "require-dev": {
                "apigen/apigen": "^2.8.1 || ^4.1.2",
                "bartlett/php-compatinfo": "^4.5.2 || ^5.0.10 || ^5.0.12",
                "pdepend/pdepend": "^2.5.2",
                "phploc/phploc": "^2.1 || ^3.0 || ^4.0",
                "phpmd/phpmd": "^2.6.0",
                "phpunit/phpunit": "^4.8 || ^5.7 || ^6.5 || ^7.1",
                "sebastian/phpcpd": "^2.0 || ^3.0 || ^4.0",
                "squizlabs/php_codesniffer": "^2.8.0 || ^3.2.0"
            },
            "type": "library",
            "autoload": {
                "psr-4": {
                    "Com\\Tecnick\\Color\\": "src"
                }
            },
            "notification-url": "https://packagist.org/downloads/",
            "license": [
                "LGPL-3.0"
            ],
            "authors": [
                {
                    "name": "Nicola Asuni",
                    "email": "info@tecnick.com",
                    "role": "lead"
                }
            ],
            "description": "PHP library to manipulate various color representations",
            "homepage": "http://www.tecnick.com",
            "keywords": [
                "cmyk",
                "color",
                "colors",
                "colour",
                "colours",
                "hsl",
                "hsla",
                "javascript",
                "rgb",
                "rgba",
                "tc-lib-color",
                "web"
            ],
            "time": "2020-01-02T16:01:17+00:00"
        },
        {
            "name": "tecnickcom/tc-lib-file",
            "version": "1.6.14",
            "source": {
                "type": "git",
                "url": "https://github.com/tecnickcom/tc-lib-file.git",
                "reference": "4ea05098b69ef7f6098eeab9162ffa8fb033e4f3"
            },
            "dist": {
                "type": "zip",
                "url": "https://api.github.com/repos/tecnickcom/tc-lib-file/zipball/4ea05098b69ef7f6098eeab9162ffa8fb033e4f3",
                "reference": "4ea05098b69ef7f6098eeab9162ffa8fb033e4f3",
                "shasum": ""
            },
            "require": {
                "ext-curl": "*",
                "ext-pcre": "*",
                "php": ">=5.4"
            },
            "require-dev": {
                "apigen/apigen": "^4.1.2",
                "bartlett/php-compatinfo": "^5.0.10 || ^5.0.12",
                "pdepend/pdepend": "^2.5.2",
                "phploc/phploc": "^2.1 || ^3.0 || ^4.0",
                "phpmd/phpmd": "^2.6.0",
                "phpunit/phpunit": "^4.8 || ^5.7 || ^6.5 || ^7.1",
                "sebastian/phpcpd": "^2.0 || ^3.0 || ^4.0",
                "squizlabs/php_codesniffer": "^2.8.0 || ^3.2.0"
            },
            "type": "library",
            "autoload": {
                "psr-4": {
                    "Com\\Tecnick\\File\\": "src"
                }
            },
            "notification-url": "https://packagist.org/downloads/",
            "license": [
                "LGPL-3.0"
            ],
            "authors": [
                {
                    "name": "Nicola Asuni",
                    "email": "info@tecnick.com",
                    "role": "lead"
                }
            ],
            "description": "PHP library to read byte-level data from files",
            "homepage": "http://www.tecnick.com",
            "keywords": [
                "Double",
                "bit",
                "byte",
                "file",
                "long",
                "read",
                "short",
                "tc-lib-file"
            ],
            "time": "2020-01-02T16:01:17+00:00"
        },
        {
            "name": "tecnickcom/tc-lib-pdf",
            "version": "dev-master",
            "source": {
                "type": "git",
                "url": "https://github.com/tecnickcom/tc-lib-pdf.git",
                "reference": "055f0b182ec563110f772014c14c7d3c8a33e1e4"
            },
            "dist": {
                "type": "zip",
                "url": "https://api.github.com/repos/tecnickcom/tc-lib-pdf/zipball/055f0b182ec563110f772014c14c7d3c8a33e1e4",
                "reference": "055f0b182ec563110f772014c14c7d3c8a33e1e4",
                "shasum": ""
            },
            "require": {
                "php": ">=5.4",
                "tecnickcom/tc-lib-barcode": "^1.10.3",
                "tecnickcom/tc-lib-color": "^1.11.2",
                "tecnickcom/tc-lib-file": "^1.6.2",
                "tecnickcom/tc-lib-pdf-encrypt": "^1.4.2",
                "tecnickcom/tc-lib-pdf-font": "^1.7.2",
                "tecnickcom/tc-lib-pdf-graph": "^1.1.2",
                "tecnickcom/tc-lib-pdf-image": "^1.1.2",
                "tecnickcom/tc-lib-pdf-page": "^2.1.2",
                "tecnickcom/tc-lib-unicode": "^1.3.2",
                "tecnickcom/tc-lib-unicode-data": "^1.6.2"
            },
            "require-dev": {
                "apigen/apigen": "^4.1.2",
                "bartlett/php-compatinfo": "^5.0.0",
                "pdepend/pdepend": "^2.2.2",
                "phploc/phploc": "^2.1.5|^3.0.0",
                "phpmd/phpmd": "^2.3.2",
                "phpunit/phpunit": "4.8.19|^5.0.0",
                "sebastian/phpcpd": "^2.0.2",
                "squizlabs/php_codesniffer": "^2.5.0|^3.0.0"
            },
            "type": "library",
            "autoload": {
                "psr-4": {
                    "Com\\Tecnick\\Pdf\\": "src"
                }
            },
            "license": [
                "LGPL-3.0"
            ],
            "authors": [
                {
                    "name": "Nicola Asuni",
                    "email": "info@tecnick.com",
                    "role": "lead"
                }
            ],
            "description": "PHP PDF Library",
            "homepage": "http://www.tecnick.com",
            "keywords": [
                "PDF",
                "PDFD32000-2008",
                "document",
                "tc-lib-pdf"
            ],
            "support": {
                "source": "https://github.com/tecnickcom/tc-lib-pdf/tree/master",
                "issues": "https://github.com/tecnickcom/tc-lib-pdf/issues"
            },
            "time": "2016-08-21T23:17:08+00:00"
        },
        {
            "name": "tecnickcom/tc-lib-pdf-encrypt",
            "version": "1.5.10",
            "source": {
                "type": "git",
                "url": "https://github.com/tecnickcom/tc-lib-pdf-encrypt.git",
                "reference": "9b2ef81b4879e6f0e339ad0ffb1ee8d5e68f389f"
            },
            "dist": {
                "type": "zip",
                "url": "https://api.github.com/repos/tecnickcom/tc-lib-pdf-encrypt/zipball/9b2ef81b4879e6f0e339ad0ffb1ee8d5e68f389f",
                "reference": "9b2ef81b4879e6f0e339ad0ffb1ee8d5e68f389f",
                "shasum": ""
            },
            "require": {
                "ext-date": "*",
                "ext-hash": "*",
                "ext-openssl": "*",
                "ext-pcre": "*",
                "php": ">=5.4"
            },
            "require-dev": {
                "apigen/apigen": "^4.1.2",
                "bartlett/php-compatinfo": "^5.0.10 || ^5.0.12",
                "pdepend/pdepend": "^2.5.2",
                "phploc/phploc": "^2.1 || ^3.0 || ^4.0",
                "phpmd/phpmd": "^2.6.0",
                "phpunit/phpunit": "^4.8 || ^5.7 || ^6.5 || ^7.1",
                "sebastian/phpcpd": "^2.0 || ^3.0 || ^4.0",
                "squizlabs/php_codesniffer": "^2.8.0 || ^3.2.0"
            },
            "suggest": {
                "ext-posix": "*"
            },
            "type": "library",
            "autoload": {
                "psr-4": {
                    "Com\\Tecnick\\Pdf\\Encrypt\\": "src"
                }
            },
            "notification-url": "https://packagist.org/downloads/",
            "license": [
                "LGPL-3.0"
            ],
            "authors": [
                {
                    "name": "Nicola Asuni",
                    "email": "info@tecnick.com",
                    "role": "lead"
                }
            ],
            "description": "PHP library to encrypt data for PDF",
            "homepage": "http://www.tecnick.com",
            "keywords": [
                "aes",
                "encrypt",
                "encryption",
                "pdf",
                "rc4",
                "tc-lib-pdf-encrypt"
            ],
            "time": "2020-01-02T16:01:17+00:00"
        },
        {
            "name": "tecnickcom/tc-lib-pdf-font",
            "version": "1.8.7",
            "source": {
                "type": "git",
                "url": "https://github.com/tecnickcom/tc-lib-pdf-font.git",
                "reference": "224af568fd9e83928d5f408c2dac3004124a9417"
            },
            "dist": {
                "type": "zip",
                "url": "https://api.github.com/repos/tecnickcom/tc-lib-pdf-font/zipball/224af568fd9e83928d5f408c2dac3004124a9417",
                "reference": "224af568fd9e83928d5f408c2dac3004124a9417",
                "shasum": ""
            },
            "require": {
                "ext-json": "*",
                "ext-pcre": "*",
                "ext-zlib": "*",
                "php": ">=5.4.0",
                "tecnickcom/tc-lib-file": "^1.6.14",
                "tecnickcom/tc-lib-pdf-encrypt": "^1.5.10",
                "tecnickcom/tc-lib-unicode-data": "^1.6.11"
            },
            "require-dev": {
                "apigen/apigen": "^4.1.2",
                "bartlett/php-compatinfo": "^5.0.10 || ^5.0.12",
                "pdepend/pdepend": "^2.5.2",
                "phploc/phploc": "^2.1 || ^3.0 || ^4.0",
                "phpmd/phpmd": "^2.6.0",
                "phpunit/phpunit": "^4.8 || ^5.7 || ^6.5 || ^7.1",
                "sebastian/phpcpd": "^2.0 || ^3.0 || ^4.0",
                "squizlabs/php_codesniffer": "^2.8.0 || ^3.2.0"
            },
            "type": "library",
            "autoload": {
                "psr-4": {
                    "Com\\Tecnick\\Pdf\\Font\\": "src"
                }
            },
            "notification-url": "https://packagist.org/downloads/",
            "license": [
                "LGPL-3.0"
            ],
            "authors": [
                {
                    "name": "Nicola Asuni",
                    "email": "info@tecnick.com",
                    "role": "lead"
                }
            ],
            "description": "PHP library containing PDF page formats and definitions",
            "homepage": "http://www.tecnick.com",
            "keywords": [
                "PFB",
                "afm",
                "font",
                "import",
                "pdf",
                "tc-lib-pdf-font",
                "ttf"
            ],
            "time": "2020-01-02T16:01:18+00:00"
        },
        {
            "name": "tecnickcom/tc-lib-pdf-graph",
            "version": "1.4.11",
            "source": {
                "type": "git",
                "url": "https://github.com/tecnickcom/tc-lib-pdf-graph.git",
                "reference": "cf86c3a6298f832f340fb7db1a22b67bb0c5d5c8"
            },
            "dist": {
                "type": "zip",
                "url": "https://api.github.com/repos/tecnickcom/tc-lib-pdf-graph/zipball/cf86c3a6298f832f340fb7db1a22b67bb0c5d5c8",
                "reference": "cf86c3a6298f832f340fb7db1a22b67bb0c5d5c8",
                "shasum": ""
            },
            "require": {
                "ext-zlib": "*",
                "php": ">=5.4",
                "tecnickcom/tc-lib-color": "^1.12.15",
                "tecnickcom/tc-lib-pdf-encrypt": "^1.5.10"
            },
            "require-dev": {
                "apigen/apigen": "^4.1.2",
                "bartlett/php-compatinfo": "^5.0.10 || ^5.0.12",
                "pdepend/pdepend": "^2.5.2",
                "phploc/phploc": "^2.1 || ^3.0 || ^4.0",
                "phpmd/phpmd": "^2.6.0",
                "phpunit/phpunit": "^4.8 || ^5.7 || ^6.5 || ^7.1",
                "sebastian/phpcpd": "^2.0 || ^3.0 || ^4.0",
                "squizlabs/php_codesniffer": "^2.8.0 || ^3.2.0"
            },
            "type": "library",
            "autoload": {
                "psr-4": {
                    "Com\\Tecnick\\Pdf\\Graph\\": "src"
                }
            },
            "notification-url": "https://packagist.org/downloads/",
            "license": [
                "LGPL-3.0"
            ],
            "authors": [
                {
                    "name": "Nicola Asuni",
                    "email": "info@tecnick.com",
                    "role": "lead"
                }
            ],
            "description": "PHP library containing PDF graphic and geometric methods",
            "homepage": "http://www.tecnick.com",
            "keywords": [
                "geometry",
                "graphic",
                "pdf",
                "tc-lib-pdf-graph",
                "transformation"
            ],
            "time": "2020-01-02T16:01:18+00:00"
        },
        {
            "name": "tecnickcom/tc-lib-pdf-image",
            "version": "1.2.11",
            "source": {
                "type": "git",
                "url": "https://github.com/tecnickcom/tc-lib-pdf-image.git",
                "reference": "a94f0098b9bcb01bf419a9067f76e154c323ac64"
            },
            "dist": {
                "type": "zip",
                "url": "https://api.github.com/repos/tecnickcom/tc-lib-pdf-image/zipball/a94f0098b9bcb01bf419a9067f76e154c323ac64",
                "reference": "a94f0098b9bcb01bf419a9067f76e154c323ac64",
                "shasum": ""
            },
            "require": {
                "ext-gd": "*",
                "ext-zlib": "*",
                "php": ">=5.4",
                "tecnickcom/tc-lib-color": "^1.12.15",
                "tecnickcom/tc-lib-file": "^1.6.14",
                "tecnickcom/tc-lib-pdf-encrypt": "^1.5.10"
            },
            "require-dev": {
                "apigen/apigen": "^4.1.2",
                "bartlett/php-compatinfo": "^5.0.10 || ^5.0.12",
                "pdepend/pdepend": "^2.5.2",
                "phploc/phploc": "^2.1 || ^3.0 || ^4.0",
                "phpmd/phpmd": "^2.6.0",
                "phpunit/phpunit": "^4.8 || ^5.7 || ^6.5 || ^7.1",
                "sebastian/phpcpd": "^2.0 || ^3.0 || ^4.0",
                "squizlabs/php_codesniffer": "^2.8.0 || ^3.2.0"
            },
            "type": "library",
            "autoload": {
                "psr-4": {
                    "Com\\Tecnick\\Pdf\\Image\\": "src"
                }
            },
            "notification-url": "https://packagist.org/downloads/",
            "license": [
                "LGPL-3.0"
            ],
            "authors": [
                {
                    "name": "Nicola Asuni",
                    "email": "info@tecnick.com",
                    "role": "lead"
                }
            ],
            "description": "PHP library containing PDF Image methods",
            "homepage": "http://www.tecnick.com",
            "keywords": [
                "image",
                "jpeg",
                "jpg",
                "pdf",
                "png",
                "tc-lib-pdf-image"
            ],
            "time": "2020-01-02T16:06:41+00:00"
        },
        {
            "name": "tecnickcom/tc-lib-pdf-page",
            "version": "2.4.10",
            "source": {
                "type": "git",
                "url": "https://github.com/tecnickcom/tc-lib-pdf-page.git",
                "reference": "144fbe78b3a416f1a4a0964f085401cf3e543e63"
            },
            "dist": {
                "type": "zip",
                "url": "https://api.github.com/repos/tecnickcom/tc-lib-pdf-page/zipball/144fbe78b3a416f1a4a0964f085401cf3e543e63",
                "reference": "144fbe78b3a416f1a4a0964f085401cf3e543e63",
                "shasum": ""
            },
            "require": {
                "ext-date": "*",
                "ext-zlib": "*",
                "php": ">=5.4",
                "tecnickcom/tc-lib-color": "^1.12.15",
                "tecnickcom/tc-lib-pdf-encrypt": "^1.5.10"
            },
            "require-dev": {
                "apigen/apigen": "^4.1.2",
                "bartlett/php-compatinfo": "^5.0.10 || ^5.0.12",
                "pdepend/pdepend": "^2.5.2",
                "phploc/phploc": "^2.1 || ^3.0 || ^4.0",
                "phpmd/phpmd": "^2.6.0",
                "phpunit/phpunit": "^4.8 || ^5.7 || ^6.5 || ^7.1",
                "sebastian/phpcpd": "^2.0 || ^3.0 || ^4.0",
                "squizlabs/php_codesniffer": "^2.8.0 || ^3.2.0"
            },
            "type": "library",
            "autoload": {
                "psr-4": {
                    "Com\\Tecnick\\Pdf\\Page\\": "src"
                }
            },
            "notification-url": "https://packagist.org/downloads/",
            "license": [
                "LGPL-3.0"
            ],
            "authors": [
                {
                    "name": "Nicola Asuni",
                    "email": "info@tecnick.com",
                    "role": "lead"
                }
            ],
            "description": "PHP library containing PDF page formats and definitions",
            "homepage": "http://www.tecnick.com",
            "keywords": [
                "format",
                "page",
                "pdf",
                "tc-lib-pdf-page"
            ],
            "time": "2020-01-02T16:01:18+00:00"
        },
        {
            "name": "tecnickcom/tc-lib-unicode",
            "version": "1.3.11",
            "source": {
                "type": "git",
                "url": "https://github.com/tecnickcom/tc-lib-unicode.git",
                "reference": "c9eb7f74ec02941ba42822e5f752ee401e108109"
            },
            "dist": {
                "type": "zip",
                "url": "https://api.github.com/repos/tecnickcom/tc-lib-unicode/zipball/c9eb7f74ec02941ba42822e5f752ee401e108109",
                "reference": "c9eb7f74ec02941ba42822e5f752ee401e108109",
                "shasum": ""
            },
            "require": {
                "ext-mbstring": "*",
                "ext-pcre": "*",
                "php": ">=5.4",
                "tecnickcom/tc-lib-unicode-data": "^1.6.11"
            },
            "require-dev": {
                "apigen/apigen": "^4.1.2",
                "bartlett/php-compatinfo": "^5.0.10 || ^5.0.12",
                "pdepend/pdepend": "^2.5.2",
                "phploc/phploc": "^2.1 || ^3.0 || ^4.0",
                "phpmd/phpmd": "^2.6.0",
                "phpunit/phpunit": "^4.8 || ^5.7 || ^6.5 || ^7.1",
                "sebastian/phpcpd": "^2.0 || ^3.0 || ^4.0",
                "squizlabs/php_codesniffer": "^2.8.0 || ^3.2.0"
            },
            "type": "library",
            "autoload": {
                "psr-4": {
                    "Com\\Tecnick\\Unicode\\": "src"
                }
            },
            "notification-url": "https://packagist.org/downloads/",
            "license": [
                "LGPL-3.0"
            ],
            "authors": [
                {
                    "name": "Nicola Asuni",
                    "email": "info@tecnick.com",
                    "role": "lead"
                }
            ],
            "description": "PHP library containing Unicode methods",
            "homepage": "http://www.tecnick.com",
            "keywords": [
                "font",
                "pdf",
                "tc-lib-unicode",
                "unicode",
                "utf-8"
            ],
            "time": "2020-01-02T16:01:18+00:00"
        },
        {
            "name": "tecnickcom/tc-lib-unicode-data",
            "version": "1.6.11",
            "source": {
                "type": "git",
                "url": "https://github.com/tecnickcom/tc-lib-unicode-data.git",
                "reference": "38e150c5c3a71520647685f21bc766f1a19eb0dd"
            },
            "dist": {
                "type": "zip",
                "url": "https://api.github.com/repos/tecnickcom/tc-lib-unicode-data/zipball/38e150c5c3a71520647685f21bc766f1a19eb0dd",
                "reference": "38e150c5c3a71520647685f21bc766f1a19eb0dd",
                "shasum": ""
            },
            "require": {
                "php": ">=5.4"
            },
            "require-dev": {
                "apigen/apigen": "^4.1.2",
                "bartlett/php-compatinfo": "^5.0.10 || ^5.0.12",
                "pdepend/pdepend": "^2.5.2",
                "phploc/phploc": "^2.1 || ^3.0 || ^4.0",
                "phpmd/phpmd": "^2.6.0",
                "phpunit/phpunit": "^4.8 || ^5.7 || ^6.5 || ^7.1",
                "sebastian/phpcpd": "^2.0 || ^3.0 || ^4.0",
                "squizlabs/php_codesniffer": "^2.8.0 || ^3.2.0"
            },
            "type": "library",
            "autoload": {
                "psr-4": {
                    "Com\\Tecnick\\Unicode\\Data\\": "src"
                }
            },
            "notification-url": "https://packagist.org/downloads/",
            "license": [
                "LGPL-3.0"
            ],
            "authors": [
                {
                    "name": "Nicola Asuni",
                    "email": "info@tecnick.com",
                    "role": "lead"
                }
            ],
            "description": "PHP library containing Unicode definitions",
            "homepage": "http://www.tecnick.com",
            "keywords": [
                "font",
                "pdf",
                "tc-lib-unicode-data",
                "unicode",
                "utf-8"
            ],
            "time": "2020-01-02T16:01:17+00:00"
        }
    ],
    "packages-dev": [],
    "aliases": [],
    "minimum-stability": "stable",
    "stability-flags": {
        "tecnickcom/tc-lib-pdf": 20
    },
    "prefer-stable": false,
    "prefer-lowest": false,
    "platform": {
        "php": "5.6.*"
    },
    "platform-dev": []
}
